
Microsoft Visual Studio Solution File, Format Version 12.00
# Visual Studio Version 16
VisualStudioVersion = 16.0.31313.79
MinimumVisualStudioVersion = 10.0.40219.1
Project("{FAE04EC0-301F-11D3-BF4B-00C04F79EFBC}") = "Books_IO", "Books_IO\Books_IO.csproj", "{B5689B07-4EF7-41CD-B301-A9E24274AD10}"
EndProject
Global
	GlobalSection(SolutionConfigurationPlatforms) = preSolution
		Debug|Any CPU = Debug|Any CPU
		Release|Any CPU = Release|Any CPU
	EndGlobalSection
	GlobalSection(ProjectConfigurationPlatforms) = postSolution
		{B5689B07-4EF7-41CD-B301-A9E24274AD10}.Debug|Any CPU.ActiveCfg = Debug|Any CPU
		{B5689B07-4EF7-41CD-B301-A9E24274AD10}.Debug|Any CPU.Build.0 = Debug|Any CPU
		{B5689B07-4EF7-41CD-B301-A9E24274AD10}.Debug|Any CPU.Deploy.0 = Debug|Any CPU
		{B5689B07-4EF7-41CD-B301-A9E24274AD10}.Release|Any CPU.ActiveCfg = Release|Any CPU
		{B5689B07-4EF7-41CD-B301-A9E24274AD10}.Release|Any CPU.Build.0 = Release|Any CPU
		{B5689B07-4EF7-41CD-B301-A9E24274AD10}.Release|Any CPU.Deploy.0 = Release|Any CPU
	EndGlobalSection
	GlobalSection(SolutionProperties) = preSolution
		HideSolutionNode = FALSE
	EndGlobalSection
	GlobalSection(ExtensibilityGlobals) = postSolution
		SolutionGuid = {530FC16A-9F31-444A-B162-6692DC2761B5}
	EndGlobalSection
EndGlobal
